// !$*UTF8*$!
{
	archiveVersion = 1;
	classes = {
	};
	objectVersion = 48;
	objects = {

/* Begin PBXBuildFile section */
		141335FA204379CE00581050 /* TableViewCell.swift in Sources */ = {isa = PBXBuildFile; fileRef = 141335F9204379CE00581050 /* TableViewCell.swift */; };
		141335FC204379F700581050 /* TableViewControler.swift in Sources */ = {isa = PBXBuildFile; fileRef = 141335FB204379F700581050 /* TableViewControler.swift */; };
		14B8AAE62027F6B100656FAC /* AppDelegate.swift in Sources */ = {isa = PBXBuildFile; fileRef = 14B8AAE52027F6B100656FAC /* AppDelegate.swift */; };
		14B8AAE82027F6B100656FAC /* ViewController.swift in Sources */ = {isa = PBXBuildFile; fileRef = 14B8AAE72027F6B100656FAC /* ViewController.swift */; };
		14B8AAEB2027F6B100656FAC /* Main.storyboard in Resources */ = {isa = PBXBuildFile; fileRef = 14B8AAE92027F6B100656FAC /* Main.storyboard */; };
		14B8AAED2027F6B100656FAC /* Assets.xcassets in Resources */ = {isa = PBXBuildFile; fileRef = 14B8AAEC2027F6B100656FAC /* Assets.xcassets */; };
		14B8AAF02027F6B100656FAC /* LaunchScreen.storyboard in Resources */ = {isa = PBXBuildFile; fileRef = 14B8AAEE2027F6B100656FAC /* LaunchScreen.storyboard */; };
		14B8AAFB2027F6B100656FAC /* ToyAppTests.swift in Sources */ = {isa = PBXBuildFile; fileRef = 14B8AAFA2027F6B100656FAC /* ToyAppTests.swift */; };
		14B8AB062027F6B100656FAC /* ToyAppUITests.swift in Sources */ = {isa = PBXBuildFile; fileRef = 14B8AB052027F6B100656FAC /* ToyAppUITests.swift */; };
/* End PBXBuildFile section */

/* Begin PBXContainerItemProxy section */
		14B8AAF72027F6B100656FAC /* PBXContainerItemProxy */ = {
			isa = PBXContainerItemProxy;
			containerPortal = 14B8AADA2027F6B100656FAC /* Project object */;
			proxyType = 1;
			remoteGlobalIDString = 14B8AAE12027F6B100656FAC;
			remoteInfo = ToyApp;
		};
		14B8AB022027F6B100656FAC /* PBXContainerItemProxy */ = {
			isa = PBXContainerItemProxy;
			containerPortal = 14B8AADA2027F6B100656FAC /* Project object */;
			proxyType = 1;
			remoteGlobalIDString = 14B8AAE12027F6B100656FAC;
			remoteInfo = ToyApp;
		};
/* End PBXContainerItemProxy section */

/* Begin PBXFileReference section */
		141335F9204379CE00581050 /* TableViewCell.swift */ = {isa = PBXFileReference; lastKnownFileType = sourcecode.swift; path = TableViewCell.swift; sourceTree = "<group>"; };
		141335FB204379F700581050 /* TableViewControler.swift */ = {isa = PBXFileReference; lastKnownFileType = sourcecode.swift; path = TableViewControler.swift; sourceTree = "<group>"; };
		14B8AAE22027F6B100656FAC /* ToyApp.app */ = {isa = PBXFileReference; explicitFileType = wrapper.application; includeInIndex = 0; path = ToyApp.app; sourceTree = BUILT_PRODUCTS_DIR; };
		14B8AAE52027F6B100656FAC /* AppDelegate.swift */ = {isa = PBXFileReference; lastKnownFileType = sourcecode.swift; path = AppDelegate.swift; sourceTree = "<group>"; };
		14B8AAE72027F6B100656FAC /* ViewController.swift */ = {isa = PBXFileReference; lastKnownFileType = sourcecode.swift; path = ViewController.swift; sourceTree = "<group>"; };
		14B8AAEA2027F6B100656FAC /* Base */ = {isa = PBXFileReference; lastKnownFileType = file.storyboard; name = Base; path = Base.lproj/Main.storyboard; sourceTree = "<group>"; };
		14B8AAEC2027F6B100656FAC /* Assets.xcassets */ = {isa = PBXFileReference; lastKnownFileType = folder.assetcatalog; path = Assets.xcassets; sourceTree = "<group>"; };
		14B8AAEF2027F6B100656FAC /* Base */ = {isa = PBXFileReference; lastKnownFileType = file.storyboard; name = Base; path = Base.lproj/LaunchScreen.storyboard; sourceTree = "<group>"; };
		14B8AAF12027F6B100656FAC /* Info.plist */ = {isa = PBXFileReference; lastKnownFileType = text.plist.xml; path = Info.plist; sourceTree = "<group>"; };
		14B8AAF62027F6B100656FAC /* ToyAppTests.xctest */ = {isa = PBXFileReference; explicitFileType = wrapper.cfbundle; includeInIndex = 0; path = ToyAppTests.xctest; sourceTree = BUILT_PRODUCTS_DIR; };
		14B8AAFA2027F6B100656FAC /* ToyAppTests.swift */ = {isa = PBXFileReference; lastKnownFileType = sourcecode.swift; path = ToyAppTests.swift; sourceTree = "<group>"; };
		14B8AAFC2027F6B100656FAC /* Info.plist */ = {isa = PBXFileReference; lastKnownFileType = text.plist.xml; path = Info.plist; sourceTree = "<group>"; };
		14B8AB012027F6B100656FAC /* ToyAppUITests.xctest */ = {isa = PBXFileReference; explicitFileType = wrapper.cfbundle; includeInIndex = 0; path = ToyAppUITests.xctest; sourceTree = BUILT_PRODUCTS_DIR; };
		14B8AB052027F6B100656FAC /* ToyAppUITests.swift */ = {isa = PBXFileReference; lastKnownFileType = sourcecode.swift; path = ToyAppUITests.swift; sourceTree = "<group>"; };
		14B8AB072027F6B100656FAC /* Info.plist */ = {isa = PBXFileReference; lastKnownFileType = text.plist.xml; path = Info.plist; sourceTree = "<group>"; };
/* End PBXFileReference section */

/* Begin PBXFrameworksBuildPhase section */
		14B8AADF2027F6B100656FAC /* Frameworks */ = {
			isa = PBXFrameworksBuildPhase;
			buildActionMask = 2147483647;
			files = (
			);
			runOnlyForDeploymentPostprocessing = 0;
		};
		14B8AAF32027F6B100656FAC /* Frameworks */ = {
			isa = PBXFrameworksBuildPhase;
			buildActionMask = 2147483647;
			files = (
			);
			runOnlyForDeploymentPostprocessing = 0;
		};
		14B8AAFE2027F6B100656FAC /* Frameworks */ = {
			isa = PBXFrameworksBuildPhase;
			buildActionMask = 2147483647;
			files = (
			);
			runOnlyForDeploymentPostprocessing = 0;
		};
/* End PBXFrameworksBuildPhase section */

/* Begin PBXGroup section */
		14B8AAD92027F6B100656FAC = {
			isa = PBXGroup;
			children = (
				14B8AAE42027F6B100656FAC /* ToyApp */,
				14B8AAF92027F6B100656FAC /* ToyAppTests */,
				14B8AB042027F6B100656FAC /* ToyAppUITests */,
				14B8AAE32027F6B100656FAC /* Products */,
			);
			sourceTree = "<group>";
		};
		14B8AAE32027F6B100656FAC /* Products */ = {
			isa = PBXGroup;
			children = (
				14B8AAE22027F6B100656FAC /* ToyApp.app */,
				14B8AAF62027F6B100656FAC /* ToyAppTests.xctest */,
				14B8AB012027F6B100656FAC /* ToyAppUITests.xctest */,
			);
			name = Products;
			sourceTree = "<group>";
		};
		14B8AAE42027F6B100656FAC /* ToyApp */ = {
			isa = PBXGroup;
			children = (
				141335F9204379CE00581050 /* TableViewCell.swift */,
				141335FB204379F700581050 /* TableViewControler.swift */,
				14B8AAE52027F6B100656FAC /* AppDelegate.swift */,
				14B8AAE72027F6B100656FAC /* ViewController.swift */,
				14B8AAE92027F6B100656FAC /* Main.storyboard */,
				14B8AAEC2027F6B100656FAC /* Assets.xcassets */,
				14B8AAEE2027F6B100656FAC /* LaunchScreen.storyboard */,
				14B8AAF12027F6B100656FAC /* Info.plist */,
			);
			path = ToyApp;
			sourceTree = "<group>";
		};
		14B8AAF92027F6B100656FAC /* ToyAppTests */ = {
			isa = PBXGroup;
			children = (
				14B8AAFA2027F6B100656FAC /* ToyAppTests.swift */,
				14B8AAFC2027F6B100656FAC /* Info.plist */,
			);
			path = ToyAppTests;
			sourceTree = "<group>";
		};
		14B8AB042027F6B100656FAC /* ToyAppUITests */ = {
			isa = PBXGroup;
			children = (
				14B8AB052027F6B100656FAC /* ToyAppUITests.swift */,
				14B8AB072027F6B100656FAC /* Info.plist */,
			);
			path = ToyAppUITests;
			sourceTree = "<group>";
		};
/* End PBXGroup section */

/* Begin PBXNativeTarget section */
		14B8AAE12027F6B100656FAC /* ToyApp */ = {
			isa = PBXNativeTarget;
			buildConfigurationList = 14B8AB0A2027F6B100656FAC /* Build configuration list for PBXNativeTarget "ToyApp" */;
			buildPhases = (
				14B8AADE2027F6B100656FAC /* Sources */,
				14B8AADF2027F6B100656FAC /* Frameworks */,
				14B8AAE02027F6B100656FAC /* Resources */,
			);
			buildRules = (
			);
			dependencies = (
			);
			name = ToyApp;
			productName = ToyApp;
			productReference = 14B8AAE22027F6B100656FAC /* ToyApp.app */;
			productType = "com.apple.product-type.application";
		};
		14B8AAF52027F6B100656FAC /* ToyAppTests */ = {
			isa = PBXNativeTarget;
			buildConfigurationList = 14B8AB0D2027F6B100656FAC /* Build configuration list for PBXNativeTarget "ToyAppTests" */;
			buildPhases = (
				14B8AAF22027F6B100656FAC /* Sources */,
				14B8AAF32027F6B100656FAC /* Frameworks */,
				14B8AAF42027F6B100656FAC /* Resources */,
			);
			buildRules = (
			);
			dependencies = (
				14B8AAF82027F6B100656FAC /* PBXTargetDependency */,
			);
			name = ToyAppTests;
			productName = ToyAppTests;
			productReference = 14B8AAF62027F6B100656FAC /* ToyAppTests.xctest */;
			productType = "com.apple.product-type.bundle.unit-test";
		};
		14B8AB002027F6B100656FAC /* ToyAppUITests */ = {
			isa = PBXNativeTarget;
			buildConfigurationList = 14B8AB102027F6B100656FAC /* Build configuration list for PBXNativeTarget "ToyAppUITests" */;
			buildPhases = (
				14B8AAFD2027F6B100656FAC /* Sources */,
				14B8AAFE2027F6B100656FAC /* Frameworks */,
				14B8AAFF2027F6B100656FAC /* Resources */,
			);
			buildRules = (
			);
			dependencies = (
				14B8AB032027F6B100656FAC /* PBXTargetDependency */,
			);
			name = ToyAppUITests;
			productName = ToyAppUITests;
			productReference = 14B8AB012027F6B100656FAC /* ToyAppUITests.xctest */;
			productType = "com.apple.product-type.bundle.ui-testing";
		};
/* End PBXNativeTarget section */

/* Begin PBXProject section */
		14B8AADA2027F6B100656FAC /* Project object */ = {
			isa = PBXProject;
			attributes = {
				LastSwiftUpdateCheck = 0920;
				LastUpgradeCheck = 0920;
				ORGANIZATIONNAME = "Cameron Quinn Chen";
				TargetAttributes = {
					14B8AAE12027F6B100656FAC = {
						CreatedOnToolsVersion = 9.2;
						ProvisioningStyle = Automatic;
					};
					14B8AAF52027F6B100656FAC = {
						CreatedOnToolsVersion = 9.2;
						ProvisioningStyle = Automatic;
						TestTargetID = 14B8AAE12027F6B100656FAC;
					};
					14B8AB002027F6B100656FAC = {
						CreatedOnToolsVersion = 9.2;
						ProvisioningStyle = Automatic;
						TestTargetID = 14B8AAE12027F6B100656FAC;
					};
				};
			};
			buildConfigurationList = 14B8AADD2027F6B100656FAC /* Build configuration list for PBXProject "ToyApp" */;
			compatibilityVersion = "Xcode 8.0";
			developmentRegion = en;
			hasScannedForEncodings = 0;
			knownRegions = (
				en,
				Base,
			);
			mainGroup = 14B8AAD92027F6B100656FAC;
			productRefGroup = 14B8AAE32027F6B100656FAC /* Products */;
			projectDirPath = "";
			projectRoot = "";
			targets = (
				14B8AAE12027F6B100656FAC /* ToyApp */,
				14B8AAF52027F6B100656FAC /* ToyAppTests */,
				14B8AB002027F6B100656FAC /* ToyAppUITests */,
			);
		};
/* End PBXProject section */

/* Begin PBXResourcesBuildPhase section */
		14B8AAE02027F6B100656FAC /* Resources */ = {
			isa = PBXResourcesBuildPhase;
			buildActionMask = 2147483647;
			files = (
				14B8AAF02027F6B100656FAC /* LaunchScreen.storyboard in Resources */,
				14B8AAED2027F6B100656FAC /* Assets.xcassets in Resources */,
				14B8AAEB2027F6B100656FAC /* Main.storyboard in Resources */,
			);
			runOnlyForDeploymentPostprocessing = 0;
		};
		14B8AAF42027F6B100656FAC /* Resources */ = {
			isa = PBXResourcesBuildPhase;
			buildActionMask = 2147483647;
			files = (
			);
			runOnlyForDeploymentPostprocessing = 0;
		};
		14B8AAFF2027F6B100656FAC /* Resources */ = {
			isa = PBXResourcesBuildPhase;
			buildActionMask = 2147483647;
			files = (
			);
			runOnlyForDeploymentPostprocessing = 0;
		};
/* End PBXResourcesBuildPhase section */

/* Begin PBXSourcesBuildPhase section */
		14B8AADE2027F6B100656FAC /* Sources */ = {
			isa = PBXSourcesBuildPhase;
			buildActionMask = 2147483647;
			files = (
				141335FA204379CE00581050 /* TableViewCell.swift in Sources */,
				14B8AAE82027F6B100656FAC /* ViewController.swift in Sources */,
				141335FC204379F700581050 /* TableViewControler.swift in Sources */,
				14B8AAE62027F6B100656FAC /* AppDelegate.swift in Sources */,
			);
			runOnlyForDeploymentPostprocessing = 0;
		};
		14B8AAF22027F6B100656FAC /* Sources */ = {
			isa = PBXSourcesBuildPhase;
			buildActionMask = 2147483647;
			files = (
				14B8AAFB2027F6B100656FAC /* ToyAppTests.swift in Sources */,
			);
			runOnlyForDeploymentPostprocessing = 0;
		};
		14B8AAFD2027F6B100656FAC /* Sources */ = {
			isa = PBXSourcesBuildPhase;
			buildActionMask = 2147483647;
			files = (
				14B8AB062027F6B100656FAC /* ToyAppUITests.swift in Sources */,
			);
			runOnlyForDeploymentPostprocessing = 0;
		};
/* End PBXSourcesBuildPhase section */

/* Begin PBXTargetDependency section */
		14B8AAF82027F6B100656FAC /* PBXTargetDependency */ = {
			isa = PBXTargetDependency;
			target = 14B8AAE12027F6B100656FAC /* ToyApp */;
			targetProxy = 14B8AAF72027F6B100656FAC /* PBXContainerItemProxy */;
		};
		14B8AB032027F6B100656FAC /* PBXTargetDependency */ = {
			isa = PBXTargetDependency;
			target = 14B8AAE12027F6B100656FAC /* ToyApp */;
			targetProxy = 14B8AB022027F6B100656FAC /* PBXContainerItemProxy */;
		};
/* End PBXTargetDependency section */

/* Begin PBXVariantGroup section */
		14B8AAE92027F6B100656FAC /* Main.storyboard */ = {
			isa = PBXVariantGroup;
			children = (
				14B8AAEA2027F6B100656FAC /* Base */,
			);
			name = Main.storyboard;
			sourceTree = "<group>";
		};
		14B8AAEE2027F6B100656FAC /* LaunchScreen.storyboard */ = {
			isa = PBXVariantGroup;
			children = (
				14B8AAEF2027F6B100656FAC /* Base */,
			);
			name = LaunchScreen.storyboard;
			sourceTree = "<group>";
		};
/* End PBXVariantGroup section */

/* Begin XCBuildConfiguration section */
		14B8AB082027F6B100656FAC /* Debug */ = {
			isa = XCBuildConfiguration;
			buildSettings = {
				ALWAYS_SEARCH_USER_PATHS = NO;
				CLANG_ANALYZER_NONNULL = YES;
				CLANG_ANALYZER_NUMBER_OBJECT_CONVERSION = YES_AGGRESSIVE;
				CLANG_CXX_LANGUAGE_STANDARD = "gnu++14";
				CLANG_CXX_LIBRARY = "libc++";
				CLANG_ENABLE_MODULES = YES;
				CLANG_ENABLE_OBJC_ARC = YES;
				CLANG_WARN_BLOCK_CAPTURE_AUTORELEASING = YES;
				CLANG_WARN_BOOL_CONVERSION = YES;
				CLANG_WARN_COMMA = YES;
				CLANG_WARN_CONSTANT_CONVERSION = YES;
				CLANG_WARN_DIRECT_OBJC_ISA_USAGE = YES_ERROR;
				CLANG_WARN_DOCUMENTATION_COMMENTS = YES;
				CLANG_WARN_EMPTY_BODY = YES;
				CLANG_WARN_ENUM_CONVERSION = YES;
				CLANG_WARN_INFINITE_RECURSION = YES;
				CLANG_WARN_INT_CONVERSION = YES;
				CLANG_WARN_NON_LITERAL_NULL_CONVERSION = YES;
				CLANG_WARN_OBJC_LITERAL_CONVERSION = YES;
				CLANG_WARN_OBJC_ROOT_CLASS = YES_ERROR;
				CLANG_WARN_RANGE_LOOP_ANALYSIS = YES;
				CLANG_WARN_STRICT_PROTOTYPES = YES;
				CLANG_WARN_SUSPICIOUS_MOVE = YES;
				CLANG_WARN_UNGUARDED_AVAILABILITY = YES_AGGRESSIVE;
				CLANG_WARN_UNREACHABLE_CODE = YES;
				CLANG_WARN__DUPLICATE_METHOD_MATCH = YES;
				CODE_SIGN_IDENTITY = "iPhone Developer";
				COPY_PHASE_STRIP = NO;
				DEBUG_INFORMATION_FORMAT = dwarf;
				ENABLE_STRICT_OBJC_MSGSEND = YES;
				ENABLE_TESTABILITY = YES;
				GCC_C_LANGUAGE_STANDARD = gnu11;
				GCC_DYNAMIC_NO_PIC = NO;
				GCC_NO_COMMON_BLOCKS = YES;
				GCC_OPTIMIZATION_LEVEL = 0;
				GCC_PREPROCESSOR_DEFINITIONS = (
					"DEBUG=1",
					"$(inherited)",
				);
				GCC_WARN_64_TO_32_BIT_CONVERSION = YES;
				GCC_WARN_ABOUT_RETURN_TYPE = YES_ERROR;
				GCC_WARN_UNDECLARED_SELECTOR = YES;
				GCC_WARN_UNINITIALIZED_AUTOS = YES_AGGRESSIVE;
				GCC_WARN_UNUSED_FUNCTION = YES;
				GCC_WARN_UNUSED_VARIABLE = YES;
				IPHONEOS_DEPLOYMENT_TARGET = 11.2;
				MTL_ENABLE_DEBUG_INFO = YES;
				ONLY_ACTIVE_ARCH = YES;
				SDKROOT = iphoneos;
				SWIFT_ACTIVE_COMPILATION_CONDITIONS = DEBUG;
				SWIFT_OPTIMIZATION_LEVEL = "-Onone";
			};
			name = Debug;
		};
		14B8AB092027F6B100656FAC /* Release */ = {
			isa = XCBuildConfiguration;
			buildSettings = {
				ALWAYS_SEARCH_USER_PATHS = NO;
				CLANG_ANALYZER_NONNULL = YES;
				CLANG_ANALYZER_NUMBER_OBJECT_CONVERSION = YES_AGGRESSIVE;
				CLANG_CXX_LANGUAGE_STANDARD = "gnu++14";
				CLANG_CXX_LIBRARY = "libc++";
				CLANG_ENABLE_MODULES = YES;
				CLANG_ENABLE_OBJC_ARC = YES;
				CLANG_WARN_BLOCK_CAPTURE_AUTORELEASING = YES;
				CLANG_WARN_BOOL_CONVERSION = YES;
				CLANG_WARN_COMMA = YES;
				CLANG_WARN_CONSTANT_CONVERSION = YES;
				CLANG_WARN_DIRECT_OBJC_ISA_USAGE = YES_ERROR;
				CLANG_WARN_DOCUMENTATION_COMMENTS = YES;
				CLANG_WARN_EMPTY_BODY = YES;
				CLANG_WARN_ENUM_CONVERSION = YES;
				CLANG_WARN_INFINITE_RECURSION = YES;
				CLANG_WARN_INT_CONVERSION = YES;
				CLANG_WARN_NON_LITERAL_NULL_CONVERSION = YES;
				CLANG_WARN_OBJC_LITERAL_CONVERSION = YES;
				CLANG_WARN_OBJC_ROOT_CLASS = YES_ERROR;
				CLANG_WARN_RANGE_LOOP_ANALYSIS = YES;
				CLANG_WARN_STRICT_PROTOTYPES = YES;
				CLANG_WARN_SUSPICIOUS_MOVE = YES;
				CLANG_WARN_UNGUARDED_AVAILABILITY = YES_AGGRESSIVE;
				CLANG_WARN_UNREACHABLE_CODE = YES;
				CLANG_WARN__DUPLICATE_METHOD_MATCH = YES;
				CODE_SIGN_IDENTITY = "iPhone Developer";
				COPY_PHASE_STRIP = NO;
				DEBUG_INFORMATION_FORMAT = "dwarf-with-dsym";
				ENABLE_NS_ASSERTIONS = NO;
				ENABLE_STRICT_OBJC_MSGSEND = YES;
				GCC_C_LANGUAGE_STANDARD = gnu11;
				GCC_NO_COMMON_BLOCKS = YES;
				GCC_WARN_64_TO_32_BIT_CONVERSION = YES;
				GCC_WARN_ABOUT_RETURN_TYPE = YES_ERROR;
				GCC_WARN_UNDECLARED_SELECTOR = YES;
				GCC_WARN_UNINITIALIZED_AUTOS = YES_AGGRESSIVE;
				GCC_WARN_UNUSED_FUNCTION = YES;
				GCC_WARN_UNUSED_VARIABLE = YES;
				IPHONEOS_DEPLOYMENT_TARGET = 11.2;
				MTL_ENABLE_DEBUG_INFO = NO;
				SDKROOT = iphoneos;
				SWIFT_OPTIMIZATION_LEVEL = "-Owholemodule";
				VALIDATE_PRODUCT = YES;
			};
			name = Release;
		};
		14B8AB0B2027F6B100656FAC /* Debug */ = {
			isa = XCBuildConfiguration;
			buildSettings = {
				ASSETCATALOG_COMPILER_APPICON_NAME = AppIcon;
				CODE_SIGN_STYLE = Automatic;
				INFOPLIST_FILE = ToyApp/Info.plist;
				LD_RUNPATH_SEARCH_PATHS = "$(inherited) @executable_path/Frameworks";
				PRODUCT_BUNDLE_IDENTIFIER = ChenApps.ToyApp;
				PRODUCT_NAME = "$(TARGET_NAME)";
				SWIFT_VERSION = 4.0;
				TARGETED_DEVICE_FAMILY = "1,2";
			};
			name = Debug;
		};
		14B8AB0C2027F6B100656FAC /* Release */ = {
			isa = XCBuildConfiguration;
			buildSettings = {
				ASSETCATALOG_COMPILER_APPICON_NAME = AppIcon;
				CODE_SIGN_STYLE = Automatic;
				INFOPLIST_FILE = ToyApp/Info.plist;
				LD_RUNPATH_SEARCH_PATHS = "$(inherited) @executable_path/Frameworks";
				PRODUCT_BUNDLE_IDENTIFIER = ChenApps.ToyApp;
				PRODUCT_NAME = "$(TARGET_NAME)";
				SWIFT_VERSION = 4.0;
				TARGETED_DEVICE_FAMILY = "1,2";
			};
			name = Release;
		};
		14B8AB0E2027F6B100656FAC /* Debug */ = {
			isa = XCBuildConfiguration;
			buildSettings = {
				ALWAYS_EMBED_SWIFT_STANDARD_LIBRARIES = YES;
				BUNDLE_LOADER = "$(TEST_HOST)";
				CODE_SIGN_STYLE = Automatic;
				INFOPLIST_FILE = ToyAppTests/Info.plist;
				LD_RUNPATH_SEARCH_PATHS = "$(inherited) @executable_path/Frameworks @loader_path/Frameworks";
				PRODUCT_BUNDLE_IDENTIFIER = ChenApps.ToyAppTests;
				PRODUCT_NAME = "$(TARGET_NAME)";
				SWIFT_VERSION = 4.0;
				TARGETED_DEVICE_FAMILY = "1,2";
				TEST_HOST = "$(BUILT_PRODUCTS_DIR)/ToyApp.app/ToyApp";
			};
			name = Debug;
		};
		14B8AB0F2027F6B100656FAC /* Release */ = {
			isa = XCBuildConfiguration;
			buildSettings = {
				ALWAYS_EMBED_SWIFT_STANDARD_LIBRARIES = YES;
				BUNDLE_LOADER = "$(TEST_HOST)";
				CODE_SIGN_STYLE = Automatic;
				INFOPLIST_FILE = ToyAppTests/Info.plist;
				LD_RUNPATH_SEARCH_PATHS = "$(inherited) @executable_path/Frameworks @loader_path/Frameworks";
				PRODUCT_BUNDLE_IDENTIFIER = ChenApps.ToyAppTests;
				PRODUCT_NAME = "$(TARGET_NAME)";
				SWIFT_VERSION = 4.0;
				TARGETED_DEVICE_FAMILY = "1,2";
				TEST_HOST = "$(BUILT_PRODUCTS_DIR)/ToyApp.app/ToyApp";
			};
			name = Release;
		};
		14B8AB112027F6B100656FAC /* Debug */ = {
			isa = XCBuildConfiguration;
			buildSettings = {
				ALWAYS_EMBED_SWIFT_STANDARD_LIBRARIES = YES;
				CODE_SIGN_STYLE = Automatic;
				INFOPLIST_FILE = ToyAppUITests/Info.plist;
				LD_RUNPATH_SEARCH_PATHS = "$(inherited) @executable_path/Frameworks @loader_path/Frameworks";
				PRODUCT_BUNDLE_IDENTIFIER = ChenApps.ToyAppUITests;
				PRODUCT_NAME = "$(TARGET_NAME)";
				SWIFT_VERSION = 4.0;
				TARGETED_DEVICE_FAMILY = "1,2";
				TEST_TARGET_NAME = ToyApp;
			};
			name = Debug;
		};
		14B8AB122027F6B100656FAC /* Release */ = {
			isa = XCBuildConfiguration;
			buildSettings = {
				ALWAYS_EMBED_SWIFT_STANDARD_LIBRARIES = YES;
				CODE_SIGN_STYLE = Automatic;
				INFOPLIST_FILE = ToyAppUITests/Info.plist;
				LD_RUNPATH_SEARCH_PATHS = "$(inherited) @executable_path/Frameworks @loader_path/Frameworks";
				PRODUCT_BUNDLE_IDENTIFIER = ChenApps.ToyAppUITests;
				PRODUCT_NAME = "$(TARGET_NAME)";
				SWIFT_VERSION = 4.0;
				TARGETED_DEVICE_FAMILY = "1,2";
				TEST_TARGET_NAME = ToyApp;
			};
			name = Release;
		};
/* End XCBuildConfiguration section */

/* Begin XCConfigurationList section */
		14B8AADD2027F6B100656FAC /* Build configuration list for PBXProject "ToyApp" */ = {
			isa = XCConfigurationList;
			buildConfigurations = (
				14B8AB082027F6B100656FAC /* Debug */,
				14B8AB092027F6B100656FAC /* Release */,
			);
			defaultConfigurationIsVisible = 0;
			defaultConfigurationName = Release;
		};
		14B8AB0A2027F6B100656FAC /* Build configuration list for PBXNativeTarget "ToyApp" */ = {
			isa = XCConfigurationList;
			buildConfigurations = (
				14B8AB0B2027F6B100656FAC /* Debug */,
				14B8AB0C2027F6B100656FAC /* Release */,
			);
			defaultConfigurationIsVisible = 0;
			defaultConfigurationName = Release;
		};
		14B8AB0D2027F6B100656FAC /* Build configuration list for PBXNativeTarget "ToyAppTests" */ = {
			isa = XCConfigurationList;
			buildConfigurations = (
				14B8AB0E2027F6B100656FAC /* Debug */,
				14B8AB0F2027F6B100656FAC /* Release */,
			);
			defaultConfigurationIsVisible = 0;
			defaultConfigurationName = Release;
		};
		14B8AB102027F6B100656FAC /* Build configuration list for PBXNativeTarget "ToyAppUITests" */ = {
			isa = XCConfigurationList;
			buildConfigurations = (
				14B8AB112027F6B100656FAC /* Debug */,
				14B8AB122027F6B100656FAC /* Release */,
			);
			defaultConfigurationIsVisible = 0;
			defaultConfigurationName = Release;
		};
/* End XCConfigurationList section */
	};
	rootObject = 14B8AADA2027F6B100656FAC /* Project object */;
}
